
Microsoft Visual Studio Solution File, Format Version 12.00
# Visual Studio Version 16
VisualStudioVersion = 16.0.30804.86
MinimumVisualStudioVersion = 10.0.40219.1
Project("{FAE04EC0-301F-11D3-BF4B-00C04F79EFBC}") = "Appli_CocoriCO2", "Appli_CocoriCO2\Appli_CocoriCO2.csproj", "{1674161D-D68D-476A-A6DC-0BB9833D1980}"
EndProject
Global
	GlobalSection(SolutionConfigurationPlatforms) = preSolution
		Debug|Any CPU = Debug|Any CPU
		Release|Any CPU = Release|Any CPU
	EndGlobalSection
	GlobalSection(ProjectConfigurationPlatforms) = postSolution
		{1674161D-D68D-476A-A6DC-0BB9833D1980}.Debug|Any CPU.ActiveCfg = Debug|Any CPU
		{1674161D-D68D-476A-A6DC-0BB9833D1980}.Debug|Any CPU.Build.0 = Debug|Any CPU
		{1674161D-D68D-476A-A6DC-0BB9833D1980}.Release|Any CPU.ActiveCfg = Release|Any CPU
		{1674161D-D68D-476A-A6DC-0BB9833D1980}.Release|Any CPU.Build.0 = Release|Any CPU
	EndGlobalSection
	GlobalSection(SolutionProperties) = preSolution
		HideSolutionNode = FALSE
	EndGlobalSection
	GlobalSection(ExtensibilityGlobals) = postSolution
		SolutionGuid = {0E029B92-9271-4D43-88D9-EA82E620EC17}
	EndGlobalSection
EndGlobal
